// !$*UTF8*$!
{
	archiveVersion = 1;
	classes = {
	};
	objectVersion = 50;
	objects = {

/* Begin PBXBuildFile section */
		B26E767D2395AE990042A2EB /* Space + isDataOK.swift in Sources */ = {isa = PBXBuildFile; fileRef = B26E767C2395AE990042A2EB /* Space + isDataOK.swift */; };
		B26E76822395BA530042A2EB /* SpaceError.swift in Sources */ = {isa = PBXBuildFile; fileRef = B26E76812395BA530042A2EB /* SpaceError.swift */; };
		B272AAFB2395C93D001146E7 /* InstancesCalculator + axes.swift in Sources */ = {isa = PBXBuildFile; fileRef = B272AAFA2395C93D001146E7 /* InstancesCalculator + axes.swift */; };
		B272AAFC2395C93D001146E7 /* InstancesCalculator + exportJson.swift in Sources */ = {isa = PBXBuildFile; fileRef = B272AAF92395C93D001146E7 /* InstancesCalculator + exportJson.swift */; };
		B272AAFD2395C93D001146E7 /* InstancesCalculator + initFromDesignSpace.swift in Sources */ = {isa = PBXBuildFile; fileRef = B272AAF82395C93C001146E7 /* InstancesCalculator + initFromDesignSpace.swift */; };
		B28AF7BD2355DF0800608F8F /* InstancesCalculator.framework in Frameworks */ = {isa = PBXBuildFile; fileRef = B28AF7B32355DF0800608F8F /* InstancesCalculator.framework */; };
		B28AF7C22355DF0800608F8F /* InstancesGeneratorTests.swift in Sources */ = {isa = PBXBuildFile; fileRef = B28AF7C12355DF0800608F8F /* InstancesGeneratorTests.swift */; };
		B28AF7C42355DF0800608F8F /* InstancesGenerator.h in Headers */ = {isa = PBXBuildFile; fileRef = B28AF7B62355DF0800608F8F /* InstancesGenerator.h */; settings = {ATTRIBUTES = (Public, ); }; };
		B28AF7D92355DF2B00608F8F /* Style.swift in Sources */ = {isa = PBXBuildFile; fileRef = B28AF7CE2355DF2B00608F8F /* Style.swift */; };
		B28AF7DA2355DF2B00608F8F /* Space.swift in Sources */ = {isa = PBXBuildFile; fileRef = B28AF7CF2355DF2B00608F8F /* Space.swift */; };
		B28AF7DB2355DF2B00608F8F /* Space + Edges.swift in Sources */ = {isa = PBXBuildFile; fileRef = B28AF7D02355DF2B00608F8F /* Space + Edges.swift */; };
		B28AF7DC2355DF2B00608F8F /* Type aliases.swift in Sources */ = {isa = PBXBuildFile; fileRef = B28AF7D12355DF2B00608F8F /* Type aliases.swift */; };
		B28AF7DD2355DF2B00608F8F /* Axis.swift in Sources */ = {isa = PBXBuildFile; fileRef = B28AF7D22355DF2B00608F8F /* Axis.swift */; };
		B28AF7DE2355DF2B00608F8F /* Plane.swift in Sources */ = {isa = PBXBuildFile; fileRef = B28AF7D32355DF2B00608F8F /* Plane.swift */; };
		B28AF7DF2355DF2B00608F8F /* Edge.swift in Sources */ = {isa = PBXBuildFile; fileRef = B28AF7D42355DF2B00608F8F /* Edge.swift */; };
		B28AF7E02355DF2B00608F8F /* Pair.swift in Sources */ = {isa = PBXBuildFile; fileRef = B28AF7D52355DF2B00608F8F /* Pair.swift */; };
		B28AF7E12355DF2B00608F8F /* Int + Extensions.swift in Sources */ = {isa = PBXBuildFile; fileRef = B28AF7D62355DF2B00608F8F /* Int + Extensions.swift */; };
		B28AF7E22355DF2B00608F8F /* cross.swift in Sources */ = {isa = PBXBuildFile; fileRef = B28AF7D72355DF2B00608F8F /* cross.swift */; };
		B28AF7E42355DF8100608F8F /* Space + instances.swift in Sources */ = {isa = PBXBuildFile; fileRef = B28AF7E32355DF8100608F8F /* Space + instances.swift */; };
		B28AF7E62355E29300608F8F /* Space + defineEdges.swift in Sources */ = {isa = PBXBuildFile; fileRef = B28AF7E52355E29300608F8F /* Space + defineEdges.swift */; };
		B28AF7EA2356063300608F8F /* InstancesCalculator.swift in Sources */ = {isa = PBXBuildFile; fileRef = B28AF7E92356063300608F8F /* InstancesCalculator.swift */; };
		B29A99D923573A6000D569EA /* Axis + distribution.swift in Sources */ = {isa = PBXBuildFile; fileRef = B29A99D823573A6000D569EA /* Axis + distribution.swift */; };
/* End PBXBuildFile section */

/* Begin PBXContainerItemProxy section */
		B28AF7BE2355DF0800608F8F /* PBXContainerItemProxy */ = {
			isa = PBXContainerItemProxy;
			containerPortal = B28AF7AA2355DF0800608F8F /* Project object */;
			proxyType = 1;
			remoteGlobalIDString = B28AF7B22355DF0800608F8F;
			remoteInfo = InstancesGenerator;
		};
/* End PBXContainerItemProxy section */

/* Begin PBXFileReference section */
		B2671DA0235E07960063E9C7 /* exp02.png */ = {isa = PBXFileReference; lastKnownFileType = image.png; path = exp02.png; sourceTree = "<group>"; };
		B2671DA1235E07960063E9C7 /* exp01.png */ = {isa = PBXFileReference; lastKnownFileType = image.png; path = exp01.png; sourceTree = "<group>"; };
		B26E767C2395AE990042A2EB /* Space + isDataOK.swift */ = {isa = PBXFileReference; lastKnownFileType = sourcecode.swift; name = "Space + isDataOK.swift"; path = "../insgen/insgen/Space + isDataOK.swift"; sourceTree = "<group>"; };
		B26E76812395BA530042A2EB /* SpaceError.swift */ = {isa = PBXFileReference; lastKnownFileType = sourcecode.swift; name = SpaceError.swift; path = ../insgen/insgen/SpaceError.swift; sourceTree = "<group>"; };
		B272AAF82395C93C001146E7 /* InstancesCalculator + initFromDesignSpace.swift */ = {isa = PBXFileReference; fileEncoding = 4; lastKnownFileType = sourcecode.swift; path = "InstancesCalculator + initFromDesignSpace.swift"; sourceTree = "<group>"; };
		B272AAF92395C93D001146E7 /* InstancesCalculator + exportJson.swift */ = {isa = PBXFileReference; fileEncoding = 4; lastKnownFileType = sourcecode.swift; path = "InstancesCalculator + exportJson.swift"; sourceTree = "<group>"; };
		B272AAFA2395C93D001146E7 /* InstancesCalculator + axes.swift */ = {isa = PBXFileReference; fileEncoding = 4; lastKnownFileType = sourcecode.swift; path = "InstancesCalculator + axes.swift"; sourceTree = "<group>"; };
		B272AB0E2395E403001146E7 /* exp03.png */ = {isa = PBXFileReference; lastKnownFileType = image.png; path = exp03.png; sourceTree = "<group>"; };
		B272AB0F2395E403001146E7 /* exp05.png */ = {isa = PBXFileReference; lastKnownFileType = image.png; name = exp05.png; path = ../../../../Desktop/exp05.png; sourceTree = "<group>"; };
		B272AB102395E403001146E7 /* exp07.png */ = {isa = PBXFileReference; lastKnownFileType = image.png; name = exp07.png; path = ../../../../Desktop/exp07.png; sourceTree = "<group>"; };
		B272AB112395E403001146E7 /* exp03b.png */ = {isa = PBXFileReference; lastKnownFileType = image.png; path = exp03b.png; sourceTree = "<group>"; };
		B272AB122395E403001146E7 /* exp03a.png */ = {isa = PBXFileReference; lastKnownFileType = image.png; name = exp03a.png; path = ../../../../Desktop/exp03a.png; sourceTree = "<group>"; };
		B272AB132395E403001146E7 /* exp04.png */ = {isa = PBXFileReference; lastKnownFileType = image.png; name = exp04.png; path = ../../../../Desktop/exp04.png; sourceTree = "<group>"; };
		B272AB142395E403001146E7 /* exp06.png */ = {isa = PBXFileReference; lastKnownFileType = image.png; name = exp06.png; path = ../../../../Desktop/exp06.png; sourceTree = "<group>"; };
		B27A75BE235DC65C008D6B36 /* README.md */ = {isa = PBXFileReference; lastKnownFileType = net.daringfireball.markdown; path = README.md; sourceTree = "<group>"; };
		B28AF7B32355DF0800608F8F /* InstancesCalculator.framework */ = {isa = PBXFileReference; explicitFileType = wrapper.framework; includeInIndex = 0; path = InstancesCalculator.framework; sourceTree = BUILT_PRODUCTS_DIR; };
		B28AF7B62355DF0800608F8F /* InstancesGenerator.h */ = {isa = PBXFileReference; lastKnownFileType = sourcecode.c.h; path = InstancesGenerator.h; sourceTree = "<group>"; };
		B28AF7B72355DF0800608F8F /* Info.plist */ = {isa = PBXFileReference; lastKnownFileType = text.plist.xml; path = Info.plist; sourceTree = "<group>"; };
		B28AF7BC2355DF0800608F8F /* InstancesCalculatorTests.xctest */ = {isa = PBXFileReference; explicitFileType = wrapper.cfbundle; includeInIndex = 0; path = InstancesCalculatorTests.xctest; sourceTree = BUILT_PRODUCTS_DIR; };
		B28AF7C12355DF0800608F8F /* InstancesGeneratorTests.swift */ = {isa = PBXFileReference; lastKnownFileType = sourcecode.swift; path = InstancesGeneratorTests.swift; sourceTree = "<group>"; };
		B28AF7C32355DF0800608F8F /* Info.plist */ = {isa = PBXFileReference; lastKnownFileType = text.plist.xml; path = Info.plist; sourceTree = "<group>"; };
		B28AF7CE2355DF2B00608F8F /* Style.swift */ = {isa = PBXFileReference; fileEncoding = 4; lastKnownFileType = sourcecode.swift; path = Style.swift; sourceTree = "<group>"; };
		B28AF7CF2355DF2B00608F8F /* Space.swift */ = {isa = PBXFileReference; fileEncoding = 4; lastKnownFileType = sourcecode.swift; path = Space.swift; sourceTree = "<group>"; };
		B28AF7D02355DF2B00608F8F /* Space + Edges.swift */ = {isa = PBXFileReference; fileEncoding = 4; lastKnownFileType = sourcecode.swift; path = "Space + Edges.swift"; sourceTree = "<group>"; };
		B28AF7D12355DF2B00608F8F /* Type aliases.swift */ = {isa = PBXFileReference; fileEncoding = 4; lastKnownFileType = sourcecode.swift; path = "Type aliases.swift"; sourceTree = "<group>"; };
		B28AF7D22355DF2B00608F8F /* Axis.swift */ = {isa = PBXFileReference; fileEncoding = 4; lastKnownFileType = sourcecode.swift; path = Axis.swift; sourceTree = "<group>"; };
		B28AF7D32355DF2B00608F8F /* Plane.swift */ = {isa = PBXFileReference; fileEncoding = 4; lastKnownFileType = sourcecode.swift; path = Plane.swift; sourceTree = "<group>"; };
		B28AF7D42355DF2B00608F8F /* Edge.swift */ = {isa = PBXFileReference; fileEncoding = 4; lastKnownFileType = sourcecode.swift; path = Edge.swift; sourceTree = "<group>"; };
		B28AF7D52355DF2B00608F8F /* Pair.swift */ = {isa = PBXFileReference; fileEncoding = 4; lastKnownFileType = sourcecode.swift; path = Pair.swift; sourceTree = "<group>"; };
		B28AF7D62355DF2B00608F8F /* Int + Extensions.swift */ = {isa = PBXFileReference; fileEncoding = 4; lastKnownFileType = sourcecode.swift; path = "Int + Extensions.swift"; sourceTree = "<group>"; };
		B28AF7D72355DF2B00608F8F /* cross.swift */ = {isa = PBXFileReference; fileEncoding = 4; lastKnownFileType = sourcecode.swift; path = cross.swift; sourceTree = "<group>"; };
		B28AF7E32355DF8100608F8F /* Space + instances.swift */ = {isa = PBXFileReference; lastKnownFileType = sourcecode.swift; path = "Space + instances.swift"; sourceTree = "<group>"; };
		B28AF7E52355E29300608F8F /* Space + defineEdges.swift */ = {isa = PBXFileReference; lastKnownFileType = sourcecode.swift; path = "Space + defineEdges.swift"; sourceTree = "<group>"; };
		B28AF7E92356063300608F8F /* InstancesCalculator.swift */ = {isa = PBXFileReference; lastKnownFileType = sourcecode.swift; path = InstancesCalculator.swift; sourceTree = "<group>"; };
		B29A99D823573A6000D569EA /* Axis + distribution.swift */ = {isa = PBXFileReference; lastKnownFileType = sourcecode.swift; name = "Axis + distribution.swift"; path = "../insgen/insgen/Axis + distribution.swift"; sourceTree = "<group>"; };
/* End PBXFileReference section */

/* Begin PBXFrameworksBuildPhase section */
		B28AF7B02355DF0800608F8F /* Frameworks */ = {
			isa = PBXFrameworksBuildPhase;
			buildActionMask = 2147483647;
			files = (
			);
			runOnlyForDeploymentPostprocessing = 0;
		};
		B28AF7B92355DF0800608F8F /* Frameworks */ = {
			isa = PBXFrameworksBuildPhase;
			buildActionMask = 2147483647;
			files = (
				B28AF7BD2355DF0800608F8F /* InstancesCalculator.framework in Frameworks */,
			);
			runOnlyForDeploymentPostprocessing = 0;
		};
/* End PBXFrameworksBuildPhase section */

/* Begin PBXGroup section */
		B272AAFF2395CCE4001146E7 /* Pictures */ = {
			isa = PBXGroup;
			children = (
				B272AB0E2395E403001146E7 /* exp03.png */,
				B272AB122395E403001146E7 /* exp03a.png */,
				B272AB112395E403001146E7 /* exp03b.png */,
				B272AB132395E403001146E7 /* exp04.png */,
				B272AB0F2395E403001146E7 /* exp05.png */,
				B272AB142395E403001146E7 /* exp06.png */,
				B272AB102395E403001146E7 /* exp07.png */,
				B2671DA1235E07960063E9C7 /* exp01.png */,
				B2671DA0235E07960063E9C7 /* exp02.png */,
			);
			path = Pictures;
			sourceTree = "<group>";
		};
		B28AF7A92355DF0800608F8F = {
			isa = PBXGroup;
			children = (
				B272AAFF2395CCE4001146E7 /* Pictures */,
				B27A75BE235DC65C008D6B36 /* README.md */,
				B28AF7B52355DF0800608F8F /* InstancesCalculator */,
				B28AF7C02355DF0800608F8F /* InstancesCalculatorTests */,
				B28AF7B42355DF0800608F8F /* Products */,
			);
			sourceTree = "<group>";
		};
		B28AF7B42355DF0800608F8F /* Products */ = {
			isa = PBXGroup;
			children = (
				B28AF7B32355DF0800608F8F /* InstancesCalculator.framework */,
				B28AF7BC2355DF0800608F8F /* InstancesCalculatorTests.xctest */,
			);
			name = Products;
			sourceTree = "<group>";
		};
		B28AF7B52355DF0800608F8F /* InstancesCalculator */ = {
			isa = PBXGroup;
			children = (
				B28AF7E92356063300608F8F /* InstancesCalculator.swift */,
				B272AAFA2395C93D001146E7 /* InstancesCalculator + axes.swift */,
				B272AAF82395C93C001146E7 /* InstancesCalculator + initFromDesignSpace.swift */,
				B272AAF92395C93D001146E7 /* InstancesCalculator + exportJson.swift */,
				B28AF7CF2355DF2B00608F8F /* Space.swift */,
				B26E76812395BA530042A2EB /* SpaceError.swift */,
				B26E767C2395AE990042A2EB /* Space + isDataOK.swift */,
				B28AF7E32355DF8100608F8F /* Space + instances.swift */,
				B28AF7E52355E29300608F8F /* Space + defineEdges.swift */,
				B28AF7D02355DF2B00608F8F /* Space + Edges.swift */,
				B28AF7D22355DF2B00608F8F /* Axis.swift */,
				B29A99D823573A6000D569EA /* Axis + distribution.swift */,
				B28AF7D72355DF2B00608F8F /* cross.swift */,
				B28AF7D42355DF2B00608F8F /* Edge.swift */,
				B28AF7D62355DF2B00608F8F /* Int + Extensions.swift */,
				B28AF7D52355DF2B00608F8F /* Pair.swift */,
				B28AF7D32355DF2B00608F8F /* Plane.swift */,
				B28AF7CE2355DF2B00608F8F /* Style.swift */,
				B28AF7D12355DF2B00608F8F /* Type aliases.swift */,
				B28AF7B62355DF0800608F8F /* InstancesGenerator.h */,
				B28AF7B72355DF0800608F8F /* Info.plist */,
			);
			path = InstancesCalculator;
			sourceTree = "<group>";
		};
		B28AF7C02355DF0800608F8F /* InstancesCalculatorTests */ = {
			isa = PBXGroup;
			children = (
				B28AF7C12355DF0800608F8F /* InstancesGeneratorTests.swift */,
				B28AF7C32355DF0800608F8F /* Info.plist */,
			);
			path = InstancesCalculatorTests;
			sourceTree = "<group>";
		};
/* End PBXGroup section */

/* Begin PBXHeadersBuildPhase section */
		B28AF7AE2355DF0800608F8F /* Headers */ = {
			isa = PBXHeadersBuildPhase;
			buildActionMask = 2147483647;
			files = (
				B28AF7C42355DF0800608F8F /* InstancesGenerator.h in Headers */,
			);
			runOnlyForDeploymentPostprocessing = 0;
		};
/* End PBXHeadersBuildPhase section */

/* Begin PBXNativeTarget section */
		B28AF7B22355DF0800608F8F /* InstancesCalculator */ = {
			isa = PBXNativeTarget;
			buildConfigurationList = B28AF7C72355DF0900608F8F /* Build configuration list for PBXNativeTarget "InstancesCalculator" */;
			buildPhases = (
				B28AF7AE2355DF0800608F8F /* Headers */,
				B28AF7AF2355DF0800608F8F /* Sources */,
				B28AF7B02355DF0800608F8F /* Frameworks */,
				B28AF7B12355DF0800608F8F /* Resources */,
			);
			buildRules = (
			);
			dependencies = (
			);
			name = InstancesCalculator;
			productName = InstancesGenerator;
			productReference = B28AF7B32355DF0800608F8F /* InstancesCalculator.framework */;
			productType = "com.apple.product-type.framework";
		};
		B28AF7BB2355DF0800608F8F /* InstancesCalculatorTests */ = {
			isa = PBXNativeTarget;
			buildConfigurationList = B28AF7CA2355DF0900608F8F /* Build configuration list for PBXNativeTarget "InstancesCalculatorTests" */;
			buildPhases = (
				B28AF7B82355DF0800608F8F /* Sources */,
				B28AF7B92355DF0800608F8F /* Frameworks */,
				B28AF7BA2355DF0800608F8F /* Resources */,
			);
			buildRules = (
			);
			dependencies = (
				B28AF7BF2355DF0800608F8F /* PBXTargetDependency */,
			);
			name = InstancesCalculatorTests;
			productName = InstancesGeneratorTests;
			productReference = B28AF7BC2355DF0800608F8F /* InstancesCalculatorTests.xctest */;
			productType = "com.apple.product-type.bundle.unit-test";
		};
/* End PBXNativeTarget section */

/* Begin PBXProject section */
		B28AF7AA2355DF0800608F8F /* Project object */ = {
			isa = PBXProject;
			attributes = {
				LastSwiftUpdateCheck = 1100;
				LastUpgradeCheck = 1100;
				ORGANIZATIONNAME = "Łukasz Dziedzic";
				TargetAttributes = {
					B28AF7B22355DF0800608F8F = {
						CreatedOnToolsVersion = 11.0;
						LastSwiftMigration = 1100;
					};
					B28AF7BB2355DF0800608F8F = {
						CreatedOnToolsVersion = 11.0;
					};
				};
			};
			buildConfigurationList = B28AF7AD2355DF0800608F8F /* Build configuration list for PBXProject "InstancesCalculator" */;
			compatibilityVersion = "Xcode 9.3";
			developmentRegion = en;
			hasScannedForEncodings = 0;
			knownRegions = (
				en,
				Base,
			);
			mainGroup = B28AF7A92355DF0800608F8F;
			productRefGroup = B28AF7B42355DF0800608F8F /* Products */;
			projectDirPath = "";
			projectRoot = "";
			targets = (
				B28AF7B22355DF0800608F8F /* InstancesCalculator */,
				B28AF7BB2355DF0800608F8F /* InstancesCalculatorTests */,
			);
		};
/* End PBXProject section */

/* Begin PBXResourcesBuildPhase section */
		B28AF7B12355DF0800608F8F /* Resources */ = {
			isa = PBXResourcesBuildPhase;
			buildActionMask = 2147483647;
			files = (
			);
			runOnlyForDeploymentPostprocessing = 0;
		};
		B28AF7BA2355DF0800608F8F /* Resources */ = {
			isa = PBXResourcesBuildPhase;
			buildActionMask = 2147483647;
			files = (
			);
			runOnlyForDeploymentPostprocessing = 0;
		};
/* End PBXResourcesBuildPhase section */

/* Begin PBXSourcesBuildPhase section */
		B28AF7AF2355DF0800608F8F /* Sources */ = {
			isa = PBXSourcesBuildPhase;
			buildActionMask = 2147483647;
			files = (
				B28AF7DB2355DF2B00608F8F /* Space + Edges.swift in Sources */,
				B28AF7E42355DF8100608F8F /* Space + instances.swift in Sources */,
				B272AAFD2395C93D001146E7 /* InstancesCalculator + initFromDesignSpace.swift in Sources */,
				B28AF7E62355E29300608F8F /* Space + defineEdges.swift in Sources */,
				B28AF7DF2355DF2B00608F8F /* Edge.swift in Sources */,
				B28AF7DC2355DF2B00608F8F /* Type aliases.swift in Sources */,
				B28AF7D92355DF2B00608F8F /* Style.swift in Sources */,
				B26E767D2395AE990042A2EB /* Space + isDataOK.swift in Sources */,
				B28AF7E22355DF2B00608F8F /* cross.swift in Sources */,
				B29A99D923573A6000D569EA /* Axis + distribution.swift in Sources */,
				B28AF7E02355DF2B00608F8F /* Pair.swift in Sources */,
				B272AAFC2395C93D001146E7 /* InstancesCalculator + exportJson.swift in Sources */,
				B28AF7DD2355DF2B00608F8F /* Axis.swift in Sources */,
				B28AF7EA2356063300608F8F /* InstancesCalculator.swift in Sources */,
				B26E76822395BA530042A2EB /* SpaceError.swift in Sources */,
				B272AAFB2395C93D001146E7 /* InstancesCalculator + axes.swift in Sources */,
				B28AF7E12355DF2B00608F8F /* Int + Extensions.swift in Sources */,
				B28AF7DA2355DF2B00608F8F /* Space.swift in Sources */,
				B28AF7DE2355DF2B00608F8F /* Plane.swift in Sources */,
			);
			runOnlyForDeploymentPostprocessing = 0;
		};
		B28AF7B82355DF0800608F8F /* Sources */ = {
			isa = PBXSourcesBuildPhase;
			buildActionMask = 2147483647;
			files = (
				B28AF7C22355DF0800608F8F /* InstancesGeneratorTests.swift in Sources */,
			);
			runOnlyForDeploymentPostprocessing = 0;
		};
/* End PBXSourcesBuildPhase section */

/* Begin PBXTargetDependency section */
		B28AF7BF2355DF0800608F8F /* PBXTargetDependency */ = {
			isa = PBXTargetDependency;
			target = B28AF7B22355DF0800608F8F /* InstancesCalculator */;
			targetProxy = B28AF7BE2355DF0800608F8F /* PBXContainerItemProxy */;
		};
/* End PBXTargetDependency section */

/* Begin XCBuildConfiguration section */
		B28AF7C52355DF0900608F8F /* Debug */ = {
			isa = XCBuildConfiguration;
			buildSettings = {
				ALWAYS_SEARCH_USER_PATHS = NO;
				CLANG_ANALYZER_NONNULL = YES;
				CLANG_ANALYZER_NUMBER_OBJECT_CONVERSION = YES_AGGRESSIVE;
				CLANG_CXX_LANGUAGE_STANDARD = "gnu++14";
				CLANG_CXX_LIBRARY = "libc++";
				CLANG_ENABLE_MODULES = YES;
				CLANG_ENABLE_OBJC_ARC = YES;
				CLANG_ENABLE_OBJC_WEAK = YES;
				CLANG_WARN_BLOCK_CAPTURE_AUTORELEASING = YES;
				CLANG_WARN_BOOL_CONVERSION = YES;
				CLANG_WARN_COMMA = YES;
				CLANG_WARN_CONSTANT_CONVERSION = YES;
				CLANG_WARN_DEPRECATED_OBJC_IMPLEMENTATIONS = YES;
				CLANG_WARN_DIRECT_OBJC_ISA_USAGE = YES_ERROR;
				CLANG_WARN_DOCUMENTATION_COMMENTS = YES;
				CLANG_WARN_EMPTY_BODY = YES;
				CLANG_WARN_ENUM_CONVERSION = YES;
				CLANG_WARN_INFINITE_RECURSION = YES;
				CLANG_WARN_INT_CONVERSION = YES;
				CLANG_WARN_NON_LITERAL_NULL_CONVERSION = YES;
				CLANG_WARN_OBJC_IMPLICIT_RETAIN_SELF = YES;
				CLANG_WARN_OBJC_LITERAL_CONVERSION = YES;
				CLANG_WARN_OBJC_ROOT_CLASS = YES_ERROR;
				CLANG_WARN_RANGE_LOOP_ANALYSIS = YES;
				CLANG_WARN_STRICT_PROTOTYPES = YES;
				CLANG_WARN_SUSPICIOUS_MOVE = YES;
				CLANG_WARN_UNGUARDED_AVAILABILITY = YES_AGGRESSIVE;
				CLANG_WARN_UNREACHABLE_CODE = YES;
				CLANG_WARN__DUPLICATE_METHOD_MATCH = YES;
				COPY_PHASE_STRIP = NO;
				CURRENT_PROJECT_VERSION = 1;
				DEBUG_INFORMATION_FORMAT = dwarf;
				ENABLE_STRICT_OBJC_MSGSEND = YES;
				ENABLE_TESTABILITY = YES;
				GCC_C_LANGUAGE_STANDARD = gnu11;
				GCC_DYNAMIC_NO_PIC = NO;
				GCC_NO_COMMON_BLOCKS = YES;
				GCC_OPTIMIZATION_LEVEL = 0;
				GCC_PREPROCESSOR_DEFINITIONS = (
					"DEBUG=1",
					"$(inherited)",
				);
				GCC_WARN_64_TO_32_BIT_CONVERSION = YES;
				GCC_WARN_ABOUT_RETURN_TYPE = YES_ERROR;
				GCC_WARN_UNDECLARED_SELECTOR = YES;
				GCC_WARN_UNINITIALIZED_AUTOS = YES_AGGRESSIVE;
				GCC_WARN_UNUSED_FUNCTION = YES;
				GCC_WARN_UNUSED_VARIABLE = YES;
				MACOSX_DEPLOYMENT_TARGET = 10.14;
				MTL_ENABLE_DEBUG_INFO = INCLUDE_SOURCE;
				MTL_FAST_MATH = YES;
				ONLY_ACTIVE_ARCH = YES;
				SDKROOT = macosx;
				SWIFT_ACTIVE_COMPILATION_CONDITIONS = DEBUG;
				SWIFT_OPTIMIZATION_LEVEL = "-Onone";
				VERSIONING_SYSTEM = "apple-generic";
				VERSION_INFO_PREFIX = "";
			};
			name = Debug;
		};
		B28AF7C62355DF0900608F8F /* Release */ = {
			isa = XCBuildConfiguration;
			buildSettings = {
				ALWAYS_SEARCH_USER_PATHS = NO;
				CLANG_ANALYZER_NONNULL = YES;
				CLANG_ANALYZER_NUMBER_OBJECT_CONVERSION = YES_AGGRESSIVE;
				CLANG_CXX_LANGUAGE_STANDARD = "gnu++14";
				CLANG_CXX_LIBRARY = "libc++";
				CLANG_ENABLE_MODULES = YES;
				CLANG_ENABLE_OBJC_ARC = YES;
				CLANG_ENABLE_OBJC_WEAK = YES;
				CLANG_WARN_BLOCK_CAPTURE_AUTORELEASING = YES;
				CLANG_WARN_BOOL_CONVERSION = YES;
				CLANG_WARN_COMMA = YES;
				CLANG_WARN_CONSTANT_CONVERSION = YES;
				CLANG_WARN_DEPRECATED_OBJC_IMPLEMENTATIONS = YES;
				CLANG_WARN_DIRECT_OBJC_ISA_USAGE = YES_ERROR;
				CLANG_WARN_DOCUMENTATION_COMMENTS = YES;
				CLANG_WARN_EMPTY_BODY = YES;
				CLANG_WARN_ENUM_CONVERSION = YES;
				CLANG_WARN_INFINITE_RECURSION = YES;
				CLANG_WARN_INT_CONVERSION = YES;
				CLANG_WARN_NON_LITERAL_NULL_CONVERSION = YES;
				CLANG_WARN_OBJC_IMPLICIT_RETAIN_SELF = YES;
				CLANG_WARN_OBJC_LITERAL_CONVERSION = YES;
				CLANG_WARN_OBJC_ROOT_CLASS = YES_ERROR;
				CLANG_WARN_RANGE_LOOP_ANALYSIS = YES;
				CLANG_WARN_STRICT_PROTOTYPES = YES;
				CLANG_WARN_SUSPICIOUS_MOVE = YES;
				CLANG_WARN_UNGUARDED_AVAILABILITY = YES_AGGRESSIVE;
				CLANG_WARN_UNREACHABLE_CODE = YES;
				CLANG_WARN__DUPLICATE_METHOD_MATCH = YES;
				COPY_PHASE_STRIP = NO;
				CURRENT_PROJECT_VERSION = 1;
				DEBUG_INFORMATION_FORMAT = "dwarf-with-dsym";
				ENABLE_NS_ASSERTIONS = NO;
				ENABLE_STRICT_OBJC_MSGSEND = YES;
				GCC_C_LANGUAGE_STANDARD = gnu11;
				GCC_NO_COMMON_BLOCKS = YES;
				GCC_WARN_64_TO_32_BIT_CONVERSION = YES;
				GCC_WARN_ABOUT_RETURN_TYPE = YES_ERROR;
				GCC_WARN_UNDECLARED_SELECTOR = YES;
				GCC_WARN_UNINITIALIZED_AUTOS = YES_AGGRESSIVE;
				GCC_WARN_UNUSED_FUNCTION = YES;
				GCC_WARN_UNUSED_VARIABLE = YES;
				MACOSX_DEPLOYMENT_TARGET = 10.14;
				MTL_ENABLE_DEBUG_INFO = NO;
				MTL_FAST_MATH = YES;
				SDKROOT = macosx;
				SWIFT_COMPILATION_MODE = wholemodule;
				SWIFT_OPTIMIZATION_LEVEL = "-O";
				VERSIONING_SYSTEM = "apple-generic";
				VERSION_INFO_PREFIX = "";
			};
			name = Release;
		};
		B28AF7C82355DF0900608F8F /* Debug */ = {
			isa = XCBuildConfiguration;
			buildSettings = {
				CLANG_ENABLE_MODULES = YES;
				CODE_SIGN_IDENTITY = "-";
				CODE_SIGN_STYLE = Automatic;
				COMBINE_HIDPI_IMAGES = YES;
				DEFINES_MODULE = YES;
				DEVELOPMENT_TEAM = 3ASHMCMJEN;
				DYLIB_COMPATIBILITY_VERSION = 1;
				DYLIB_CURRENT_VERSION = 1;
				DYLIB_INSTALL_NAME_BASE = "@rpath";
				INFOPLIST_FILE = "$(SRCROOT)/InstancesCalculator/Info.plist";
				INSTALL_PATH = "$(LOCAL_LIBRARY_DIR)/Frameworks";
				LD_RUNPATH_SEARCH_PATHS = (
					"$(inherited)",
					"@executable_path/../Frameworks",
					"@loader_path/Frameworks",
				);
				MACOSX_DEPLOYMENT_TARGET = 10.10;
				PRODUCT_BUNDLE_IDENTIFIER = com.typoland.InstancesCalculator;
				PRODUCT_NAME = "$(TARGET_NAME:c99extidentifier)";
				PROVISIONING_PROFILE_SPECIFIER = "";
				SKIP_INSTALL = YES;
				SWIFT_OPTIMIZATION_LEVEL = "-Onone";
				SWIFT_VERSION = 5.0;
			};
			name = Debug;
		};
		B28AF7C92355DF0900608F8F /* Release */ = {
			isa = XCBuildConfiguration;
			buildSettings = {
				CLANG_ENABLE_MODULES = YES;
				CODE_SIGN_IDENTITY = "-";
				CODE_SIGN_STYLE = Automatic;
				COMBINE_HIDPI_IMAGES = YES;
				DEFINES_MODULE = YES;
				DEVELOPMENT_TEAM = 3ASHMCMJEN;
				DYLIB_COMPATIBILITY_VERSION = 1;
				DYLIB_CURRENT_VERSION = 1;
				DYLIB_INSTALL_NAME_BASE = "@rpath";
				INFOPLIST_FILE = "$(SRCROOT)/InstancesCalculator/Info.plist";
				INSTALL_PATH = "$(LOCAL_LIBRARY_DIR)/Frameworks";
				LD_RUNPATH_SEARCH_PATHS = (
					"$(inherited)",
					"@executable_path/../Frameworks",
					"@loader_path/Frameworks",
				);
				MACOSX_DEPLOYMENT_TARGET = 10.10;
				PRODUCT_BUNDLE_IDENTIFIER = com.typoland.InstancesCalculator;
				PRODUCT_NAME = "$(TARGET_NAME:c99extidentifier)";
				PROVISIONING_PROFILE_SPECIFIER = "";
				SKIP_INSTALL = YES;
				SWIFT_VERSION = 5.0;
			};
			name = Release;
		};
		B28AF7CB2355DF0900608F8F /* Debug */ = {
			isa = XCBuildConfiguration;
			buildSettings = {
				ALWAYS_EMBED_SWIFT_STANDARD_LIBRARIES = YES;
				CODE_SIGN_STYLE = Automatic;
				COMBINE_HIDPI_IMAGES = YES;
				DEVELOPMENT_TEAM = 3ASHMCMJEN;
				INFOPLIST_FILE = InstancesGeneratorTests/Info.plist;
				LD_RUNPATH_SEARCH_PATHS = (
					"$(inherited)",
					"@executable_path/../Frameworks",
					"@loader_path/../Frameworks",
				);
				PRODUCT_BUNDLE_IDENTIFIER = com.typoland.InstancesGeneratorTests;
				PRODUCT_NAME = "$(TARGET_NAME)";
				SWIFT_VERSION = 5.0;
			};
			name = Debug;
		};
		B28AF7CC2355DF0900608F8F /* Release */ = {
			isa = XCBuildConfiguration;
			buildSettings = {
				ALWAYS_EMBED_SWIFT_STANDARD_LIBRARIES = YES;
				CODE_SIGN_STYLE = Automatic;
				COMBINE_HIDPI_IMAGES = YES;
				DEVELOPMENT_TEAM = 3ASHMCMJEN;
				INFOPLIST_FILE = InstancesGeneratorTests/Info.plist;
				LD_RUNPATH_SEARCH_PATHS = (
					"$(inherited)",
					"@executable_path/../Frameworks",
					"@loader_path/../Frameworks",
				);
				PRODUCT_BUNDLE_IDENTIFIER = com.typoland.InstancesGeneratorTests;
				PRODUCT_NAME = "$(TARGET_NAME)";
				SWIFT_VERSION = 5.0;
			};
			name = Release;
		};
/* End XCBuildConfiguration section */

/* Begin XCConfigurationList section */
		B28AF7AD2355DF0800608F8F /* Build configuration list for PBXProject "InstancesCalculator" */ = {
			isa = XCConfigurationList;
			buildConfigurations = (
				B28AF7C52355DF0900608F8F /* Debug */,
				B28AF7C62355DF0900608F8F /* Release */,
			);
			defaultConfigurationIsVisible = 0;
			defaultConfigurationName = Release;
		};
		B28AF7C72355DF0900608F8F /* Build configuration list for PBXNativeTarget "InstancesCalculator" */ = {
			isa = XCConfigurationList;
			buildConfigurations = (
				B28AF7C82355DF0900608F8F /* Debug */,
				B28AF7C92355DF0900608F8F /* Release */,
			);
			defaultConfigurationIsVisible = 0;
			defaultConfigurationName = Release;
		};
		B28AF7CA2355DF0900608F8F /* Build configuration list for PBXNativeTarget "InstancesCalculatorTests" */ = {
			isa = XCConfigurationList;
			buildConfigurations = (
				B28AF7CB2355DF0900608F8F /* Debug */,
				B28AF7CC2355DF0900608F8F /* Release */,
			);
			defaultConfigurationIsVisible = 0;
			defaultConfigurationName = Release;
		};
/* End XCConfigurationList section */
	};
	rootObject = B28AF7AA2355DF0800608F8F /* Project object */;
}
