// !$*UTF8*$!
{
	archiveVersion = 1;
	classes = {
	};
	objectVersion = 50;
	objects = {

/* Begin PBXBuildFile section */
		B20930E72395F27E0088301F /* InstancesCalculator + exportJson.swift in Sources */ = {isa = PBXBuildFile; fileRef = B20930D42395F27D0088301F /* InstancesCalculator + exportJson.swift */; };
		B20930E82395F27E0088301F /* Space.swift in Sources */ = {isa = PBXBuildFile; fileRef = B20930D52395F27D0088301F /* Space.swift */; };
		B20930E92395F27E0088301F /* Space + instances.swift in Sources */ = {isa = PBXBuildFile; fileRef = B20930D62395F27D0088301F /* Space + instances.swift */; };
		B20930EA2395F27E0088301F /* Type aliases.swift in Sources */ = {isa = PBXBuildFile; fileRef = B20930D72395F27D0088301F /* Type aliases.swift */; };
		B20930EB2395F27E0088301F /* Pair.swift in Sources */ = {isa = PBXBuildFile; fileRef = B20930D82395F27D0088301F /* Pair.swift */; };
		B20930EC2395F27E0088301F /* Axis + distribution.swift in Sources */ = {isa = PBXBuildFile; fileRef = B20930D92395F27E0088301F /* Axis + distribution.swift */; };
		B20930ED2395F27E0088301F /* Axis.swift in Sources */ = {isa = PBXBuildFile; fileRef = B20930DA2395F27E0088301F /* Axis.swift */; };
		B20930EE2395F27E0088301F /* Style.swift in Sources */ = {isa = PBXBuildFile; fileRef = B20930DB2395F27E0088301F /* Style.swift */; };
		B20930EF2395F27E0088301F /* SpaceError.swift in Sources */ = {isa = PBXBuildFile; fileRef = B20930DC2395F27E0088301F /* SpaceError.swift */; };
		B20930F02395F27E0088301F /* Space + isDataOK.swift in Sources */ = {isa = PBXBuildFile; fileRef = B20930DD2395F27E0088301F /* Space + isDataOK.swift */; };
		B20930F12395F27E0088301F /* Edge.swift in Sources */ = {isa = PBXBuildFile; fileRef = B20930DE2395F27E0088301F /* Edge.swift */; };
		B20930F22395F27E0088301F /* Int + Extensions.swift in Sources */ = {isa = PBXBuildFile; fileRef = B20930DF2395F27E0088301F /* Int + Extensions.swift */; };
		B20930F32395F27E0088301F /* Space + Edges.swift in Sources */ = {isa = PBXBuildFile; fileRef = B20930E02395F27E0088301F /* Space + Edges.swift */; };
		B20930F42395F27E0088301F /* InstancesCalculator + axes.swift in Sources */ = {isa = PBXBuildFile; fileRef = B20930E12395F27E0088301F /* InstancesCalculator + axes.swift */; };
		B20930F52395F27E0088301F /* InstancesCalculator.swift in Sources */ = {isa = PBXBuildFile; fileRef = B20930E22395F27E0088301F /* InstancesCalculator.swift */; };
		B20930F62395F27E0088301F /* Space + defineEdges.swift in Sources */ = {isa = PBXBuildFile; fileRef = B20930E32395F27E0088301F /* Space + defineEdges.swift */; };
		B20930F72395F27E0088301F /* InstancesCalculator + initFromDesignSpace.swift in Sources */ = {isa = PBXBuildFile; fileRef = B20930E42395F27E0088301F /* InstancesCalculator + initFromDesignSpace.swift */; };
		B20930F82395F27E0088301F /* cross.swift in Sources */ = {isa = PBXBuildFile; fileRef = B20930E52395F27E0088301F /* cross.swift */; };
		B20930F92395F27E0088301F /* Plane.swift in Sources */ = {isa = PBXBuildFile; fileRef = B20930E62395F27E0088301F /* Plane.swift */; };
		B28AF80B2356365D00608F8F /* main.swift in Sources */ = {isa = PBXBuildFile; fileRef = B28AF80A2356365D00608F8F /* main.swift */; };
/* End PBXBuildFile section */

/* Begin PBXCopyFilesBuildPhase section */
		B28AF8052356365D00608F8F /* CopyFiles */ = {
			isa = PBXCopyFilesBuildPhase;
			buildActionMask = 2147483647;
			dstPath = /usr/share/man/man1/;
			dstSubfolderSpec = 0;
			files = (
			);
			runOnlyForDeploymentPostprocessing = 1;
		};
/* End PBXCopyFilesBuildPhase section */

/* Begin PBXFileReference section */
		B20930D02395F1F80088301F /* InstancesCalculator.framework */ = {isa = PBXFileReference; explicitFileType = wrapper.framework; path = InstancesCalculator.framework; sourceTree = BUILT_PRODUCTS_DIR; };
		B20930D42395F27D0088301F /* InstancesCalculator + exportJson.swift */ = {isa = PBXFileReference; fileEncoding = 4; lastKnownFileType = sourcecode.swift; path = "InstancesCalculator + exportJson.swift"; sourceTree = "<group>"; };
		B20930D52395F27D0088301F /* Space.swift */ = {isa = PBXFileReference; fileEncoding = 4; lastKnownFileType = sourcecode.swift; path = Space.swift; sourceTree = "<group>"; };
		B20930D62395F27D0088301F /* Space + instances.swift */ = {isa = PBXFileReference; fileEncoding = 4; lastKnownFileType = sourcecode.swift; path = "Space + instances.swift"; sourceTree = "<group>"; };
		B20930D72395F27D0088301F /* Type aliases.swift */ = {isa = PBXFileReference; fileEncoding = 4; lastKnownFileType = sourcecode.swift; path = "Type aliases.swift"; sourceTree = "<group>"; };
		B20930D82395F27D0088301F /* Pair.swift */ = {isa = PBXFileReference; fileEncoding = 4; lastKnownFileType = sourcecode.swift; path = Pair.swift; sourceTree = "<group>"; };
		B20930D92395F27E0088301F /* Axis + distribution.swift */ = {isa = PBXFileReference; fileEncoding = 4; lastKnownFileType = sourcecode.swift; name = "Axis + distribution.swift"; path = "insgen/Axis + distribution.swift"; sourceTree = SOURCE_ROOT; };
		B20930DA2395F27E0088301F /* Axis.swift */ = {isa = PBXFileReference; fileEncoding = 4; lastKnownFileType = sourcecode.swift; path = Axis.swift; sourceTree = "<group>"; };
		B20930DB2395F27E0088301F /* Style.swift */ = {isa = PBXFileReference; fileEncoding = 4; lastKnownFileType = sourcecode.swift; path = Style.swift; sourceTree = "<group>"; };
		B20930DC2395F27E0088301F /* SpaceError.swift */ = {isa = PBXFileReference; fileEncoding = 4; lastKnownFileType = sourcecode.swift; name = SpaceError.swift; path = insgen/SpaceError.swift; sourceTree = SOURCE_ROOT; };
		B20930DD2395F27E0088301F /* Space + isDataOK.swift */ = {isa = PBXFileReference; fileEncoding = 4; lastKnownFileType = sourcecode.swift; name = "Space + isDataOK.swift"; path = "insgen/Space + isDataOK.swift"; sourceTree = SOURCE_ROOT; };
		B20930DE2395F27E0088301F /* Edge.swift */ = {isa = PBXFileReference; fileEncoding = 4; lastKnownFileType = sourcecode.swift; path = Edge.swift; sourceTree = "<group>"; };
		B20930DF2395F27E0088301F /* Int + Extensions.swift */ = {isa = PBXFileReference; fileEncoding = 4; lastKnownFileType = sourcecode.swift; path = "Int + Extensions.swift"; sourceTree = "<group>"; };
		B20930E02395F27E0088301F /* Space + Edges.swift */ = {isa = PBXFileReference; fileEncoding = 4; lastKnownFileType = sourcecode.swift; path = "Space + Edges.swift"; sourceTree = "<group>"; };
		B20930E12395F27E0088301F /* InstancesCalculator + axes.swift */ = {isa = PBXFileReference; fileEncoding = 4; lastKnownFileType = sourcecode.swift; path = "InstancesCalculator + axes.swift"; sourceTree = "<group>"; };
		B20930E22395F27E0088301F /* InstancesCalculator.swift */ = {isa = PBXFileReference; fileEncoding = 4; lastKnownFileType = sourcecode.swift; path = InstancesCalculator.swift; sourceTree = "<group>"; };
		B20930E32395F27E0088301F /* Space + defineEdges.swift */ = {isa = PBXFileReference; fileEncoding = 4; lastKnownFileType = sourcecode.swift; path = "Space + defineEdges.swift"; sourceTree = "<group>"; };
		B20930E42395F27E0088301F /* InstancesCalculator + initFromDesignSpace.swift */ = {isa = PBXFileReference; fileEncoding = 4; lastKnownFileType = sourcecode.swift; path = "InstancesCalculator + initFromDesignSpace.swift"; sourceTree = "<group>"; };
		B20930E52395F27E0088301F /* cross.swift */ = {isa = PBXFileReference; fileEncoding = 4; lastKnownFileType = sourcecode.swift; path = cross.swift; sourceTree = "<group>"; };
		B20930E62395F27E0088301F /* Plane.swift */ = {isa = PBXFileReference; fileEncoding = 4; lastKnownFileType = sourcecode.swift; path = Plane.swift; sourceTree = "<group>"; };
		B28AF8072356365D00608F8F /* calculate_instances */ = {isa = PBXFileReference; explicitFileType = "compiled.mach-o.executable"; includeInIndex = 0; path = calculate_instances; sourceTree = BUILT_PRODUCTS_DIR; };
		B28AF80A2356365D00608F8F /* main.swift */ = {isa = PBXFileReference; lastKnownFileType = sourcecode.swift; path = main.swift; sourceTree = "<group>"; };
		B28AF818235643B700608F8F /* InstancesGenerator.framework */ = {isa = PBXFileReference; explicitFileType = wrapper.framework; path = InstancesGenerator.framework; sourceTree = BUILT_PRODUCTS_DIR; };
/* End PBXFileReference section */

/* Begin PBXFrameworksBuildPhase section */
		B28AF8042356365D00608F8F /* Frameworks */ = {
			isa = PBXFrameworksBuildPhase;
			buildActionMask = 2147483647;
			files = (
			);
			runOnlyForDeploymentPostprocessing = 0;
		};
/* End PBXFrameworksBuildPhase section */

/* Begin PBXGroup section */
		B28AF7FE2356365D00608F8F = {
			isa = PBXGroup;
			children = (
				B28AF8092356365D00608F8F /* insgen */,
				B28AF8082356365D00608F8F /* Products */,
				B28AF817235643B700608F8F /* Frameworks */,
			);
			sourceTree = "<group>";
		};
		B28AF8082356365D00608F8F /* Products */ = {
			isa = PBXGroup;
			children = (
				B28AF8072356365D00608F8F /* calculate_instances */,
			);
			name = Products;
			sourceTree = "<group>";
		};
		B28AF8092356365D00608F8F /* insgen */ = {
			isa = PBXGroup;
			children = (
				B28AF80A2356365D00608F8F /* main.swift */,
				B28AF822235651B500608F8F /* InstancesGeneratorFiles */,
			);
			path = insgen;
			sourceTree = "<group>";
		};
		B28AF817235643B700608F8F /* Frameworks */ = {
			isa = PBXGroup;
			children = (
				B20930D02395F1F80088301F /* InstancesCalculator.framework */,
				B28AF818235643B700608F8F /* InstancesGenerator.framework */,
			);
			name = Frameworks;
			sourceTree = "<group>";
		};
		B28AF822235651B500608F8F /* InstancesGeneratorFiles */ = {
			isa = PBXGroup;
			children = (
				B20930E22395F27E0088301F /* InstancesCalculator.swift */,
				B20930E12395F27E0088301F /* InstancesCalculator + axes.swift */,
				B20930E42395F27E0088301F /* InstancesCalculator + initFromDesignSpace.swift */,
				B20930D42395F27D0088301F /* InstancesCalculator + exportJson.swift */,
				B20930D52395F27D0088301F /* Space.swift */,
				B20930DC2395F27E0088301F /* SpaceError.swift */,
				B20930DD2395F27E0088301F /* Space + isDataOK.swift */,
				B20930D62395F27D0088301F /* Space + instances.swift */,
				B20930E32395F27E0088301F /* Space + defineEdges.swift */,
				B20930E02395F27E0088301F /* Space + Edges.swift */,
				B20930DA2395F27E0088301F /* Axis.swift */,
				B20930D92395F27E0088301F /* Axis + distribution.swift */,
				B20930E52395F27E0088301F /* cross.swift */,
				B20930DE2395F27E0088301F /* Edge.swift */,
				B20930DF2395F27E0088301F /* Int + Extensions.swift */,
				B20930D82395F27D0088301F /* Pair.swift */,
				B20930E62395F27E0088301F /* Plane.swift */,
				B20930DB2395F27E0088301F /* Style.swift */,
				B20930D72395F27D0088301F /* Type aliases.swift */,
			);
			name = InstancesGeneratorFiles;
			path = ../../InstancesCalculator;
			sourceTree = "<group>";
		};
/* End PBXGroup section */

/* Begin PBXNativeTarget section */
		B28AF8062356365D00608F8F /* calculate_instances */ = {
			isa = PBXNativeTarget;
			buildConfigurationList = B28AF80E2356365D00608F8F /* Build configuration list for PBXNativeTarget "calculate_instances" */;
			buildPhases = (
				B28AF8032356365D00608F8F /* Sources */,
				B28AF8042356365D00608F8F /* Frameworks */,
				B28AF8052356365D00608F8F /* CopyFiles */,
			);
			buildRules = (
			);
			dependencies = (
			);
			name = calculate_instances;
			productName = insgen;
			productReference = B28AF8072356365D00608F8F /* calculate_instances */;
			productType = "com.apple.product-type.tool";
		};
/* End PBXNativeTarget section */

/* Begin PBXProject section */
		B28AF7FF2356365D00608F8F /* Project object */ = {
			isa = PBXProject;
			attributes = {
				LastSwiftUpdateCheck = 1100;
				LastUpgradeCheck = 1100;
				ORGANIZATIONNAME = "Łukasz Dziedzic";
				TargetAttributes = {
					B28AF8062356365D00608F8F = {
						CreatedOnToolsVersion = 11.0;
					};
				};
			};
			buildConfigurationList = B28AF8022356365D00608F8F /* Build configuration list for PBXProject "calculate_instances" */;
			compatibilityVersion = "Xcode 9.3";
			developmentRegion = en;
			hasScannedForEncodings = 0;
			knownRegions = (
				en,
				Base,
			);
			mainGroup = B28AF7FE2356365D00608F8F;
			productRefGroup = B28AF8082356365D00608F8F /* Products */;
			projectDirPath = "";
			projectRoot = "";
			targets = (
				B28AF8062356365D00608F8F /* calculate_instances */,
			);
		};
/* End PBXProject section */

/* Begin PBXSourcesBuildPhase section */
		B28AF8032356365D00608F8F /* Sources */ = {
			isa = PBXSourcesBuildPhase;
			buildActionMask = 2147483647;
			files = (
				B20930F62395F27E0088301F /* Space + defineEdges.swift in Sources */,
				B20930E72395F27E0088301F /* InstancesCalculator + exportJson.swift in Sources */,
				B20930F92395F27E0088301F /* Plane.swift in Sources */,
				B20930F42395F27E0088301F /* InstancesCalculator + axes.swift in Sources */,
				B20930E92395F27E0088301F /* Space + instances.swift in Sources */,
				B20930F12395F27E0088301F /* Edge.swift in Sources */,
				B20930ED2395F27E0088301F /* Axis.swift in Sources */,
				B20930EC2395F27E0088301F /* Axis + distribution.swift in Sources */,
				B20930F52395F27E0088301F /* InstancesCalculator.swift in Sources */,
				B20930EA2395F27E0088301F /* Type aliases.swift in Sources */,
				B20930F72395F27E0088301F /* InstancesCalculator + initFromDesignSpace.swift in Sources */,
				B28AF80B2356365D00608F8F /* main.swift in Sources */,
				B20930F82395F27E0088301F /* cross.swift in Sources */,
				B20930F32395F27E0088301F /* Space + Edges.swift in Sources */,
				B20930E82395F27E0088301F /* Space.swift in Sources */,
				B20930EE2395F27E0088301F /* Style.swift in Sources */,
				B20930F02395F27E0088301F /* Space + isDataOK.swift in Sources */,
				B20930F22395F27E0088301F /* Int + Extensions.swift in Sources */,
				B20930EB2395F27E0088301F /* Pair.swift in Sources */,
				B20930EF2395F27E0088301F /* SpaceError.swift in Sources */,
			);
			runOnlyForDeploymentPostprocessing = 0;
		};
/* End PBXSourcesBuildPhase section */

/* Begin XCBuildConfiguration section */
		B28AF80C2356365D00608F8F /* Debug */ = {
			isa = XCBuildConfiguration;
			buildSettings = {
				ALWAYS_SEARCH_USER_PATHS = NO;
				CLANG_ANALYZER_NONNULL = YES;
				CLANG_ANALYZER_NUMBER_OBJECT_CONVERSION = YES_AGGRESSIVE;
				CLANG_CXX_LANGUAGE_STANDARD = "gnu++14";
				CLANG_CXX_LIBRARY = "libc++";
				CLANG_ENABLE_MODULES = YES;
				CLANG_ENABLE_OBJC_ARC = YES;
				CLANG_ENABLE_OBJC_WEAK = YES;
				CLANG_WARN_BLOCK_CAPTURE_AUTORELEASING = YES;
				CLANG_WARN_BOOL_CONVERSION = YES;
				CLANG_WARN_COMMA = YES;
				CLANG_WARN_CONSTANT_CONVERSION = YES;
				CLANG_WARN_DEPRECATED_OBJC_IMPLEMENTATIONS = YES;
				CLANG_WARN_DIRECT_OBJC_ISA_USAGE = YES_ERROR;
				CLANG_WARN_DOCUMENTATION_COMMENTS = YES;
				CLANG_WARN_EMPTY_BODY = YES;
				CLANG_WARN_ENUM_CONVERSION = YES;
				CLANG_WARN_INFINITE_RECURSION = YES;
				CLANG_WARN_INT_CONVERSION = YES;
				CLANG_WARN_NON_LITERAL_NULL_CONVERSION = YES;
				CLANG_WARN_OBJC_IMPLICIT_RETAIN_SELF = YES;
				CLANG_WARN_OBJC_LITERAL_CONVERSION = YES;
				CLANG_WARN_OBJC_ROOT_CLASS = YES_ERROR;
				CLANG_WARN_RANGE_LOOP_ANALYSIS = YES;
				CLANG_WARN_STRICT_PROTOTYPES = YES;
				CLANG_WARN_SUSPICIOUS_MOVE = YES;
				CLANG_WARN_UNGUARDED_AVAILABILITY = YES_AGGRESSIVE;
				CLANG_WARN_UNREACHABLE_CODE = YES;
				CLANG_WARN__DUPLICATE_METHOD_MATCH = YES;
				COPY_PHASE_STRIP = NO;
				DEBUG_INFORMATION_FORMAT = dwarf;
				ENABLE_STRICT_OBJC_MSGSEND = YES;
				ENABLE_TESTABILITY = YES;
				GCC_C_LANGUAGE_STANDARD = gnu11;
				GCC_DYNAMIC_NO_PIC = NO;
				GCC_NO_COMMON_BLOCKS = YES;
				GCC_OPTIMIZATION_LEVEL = 0;
				GCC_PREPROCESSOR_DEFINITIONS = (
					"DEBUG=1",
					"$(inherited)",
				);
				GCC_WARN_64_TO_32_BIT_CONVERSION = YES;
				GCC_WARN_ABOUT_RETURN_TYPE = YES_ERROR;
				GCC_WARN_UNDECLARED_SELECTOR = YES;
				GCC_WARN_UNINITIALIZED_AUTOS = YES_AGGRESSIVE;
				GCC_WARN_UNUSED_FUNCTION = YES;
				GCC_WARN_UNUSED_VARIABLE = YES;
				MACOSX_DEPLOYMENT_TARGET = 10.14;
				MTL_ENABLE_DEBUG_INFO = INCLUDE_SOURCE;
				MTL_FAST_MATH = YES;
				ONLY_ACTIVE_ARCH = YES;
				SDKROOT = macosx;
				SWIFT_ACTIVE_COMPILATION_CONDITIONS = DEBUG;
				SWIFT_OPTIMIZATION_LEVEL = "-Onone";
			};
			name = Debug;
		};
		B28AF80D2356365D00608F8F /* Release */ = {
			isa = XCBuildConfiguration;
			buildSettings = {
				ALWAYS_SEARCH_USER_PATHS = NO;
				CLANG_ANALYZER_NONNULL = YES;
				CLANG_ANALYZER_NUMBER_OBJECT_CONVERSION = YES_AGGRESSIVE;
				CLANG_CXX_LANGUAGE_STANDARD = "gnu++14";
				CLANG_CXX_LIBRARY = "libc++";
				CLANG_ENABLE_MODULES = YES;
				CLANG_ENABLE_OBJC_ARC = YES;
				CLANG_ENABLE_OBJC_WEAK = YES;
				CLANG_WARN_BLOCK_CAPTURE_AUTORELEASING = YES;
				CLANG_WARN_BOOL_CONVERSION = YES;
				CLANG_WARN_COMMA = YES;
				CLANG_WARN_CONSTANT_CONVERSION = YES;
				CLANG_WARN_DEPRECATED_OBJC_IMPLEMENTATIONS = YES;
				CLANG_WARN_DIRECT_OBJC_ISA_USAGE = YES_ERROR;
				CLANG_WARN_DOCUMENTATION_COMMENTS = YES;
				CLANG_WARN_EMPTY_BODY = YES;
				CLANG_WARN_ENUM_CONVERSION = YES;
				CLANG_WARN_INFINITE_RECURSION = YES;
				CLANG_WARN_INT_CONVERSION = YES;
				CLANG_WARN_NON_LITERAL_NULL_CONVERSION = YES;
				CLANG_WARN_OBJC_IMPLICIT_RETAIN_SELF = YES;
				CLANG_WARN_OBJC_LITERAL_CONVERSION = YES;
				CLANG_WARN_OBJC_ROOT_CLASS = YES_ERROR;
				CLANG_WARN_RANGE_LOOP_ANALYSIS = YES;
				CLANG_WARN_STRICT_PROTOTYPES = YES;
				CLANG_WARN_SUSPICIOUS_MOVE = YES;
				CLANG_WARN_UNGUARDED_AVAILABILITY = YES_AGGRESSIVE;
				CLANG_WARN_UNREACHABLE_CODE = YES;
				CLANG_WARN__DUPLICATE_METHOD_MATCH = YES;
				COPY_PHASE_STRIP = NO;
				DEBUG_INFORMATION_FORMAT = "dwarf-with-dsym";
				ENABLE_NS_ASSERTIONS = NO;
				ENABLE_STRICT_OBJC_MSGSEND = YES;
				GCC_C_LANGUAGE_STANDARD = gnu11;
				GCC_NO_COMMON_BLOCKS = YES;
				GCC_WARN_64_TO_32_BIT_CONVERSION = YES;
				GCC_WARN_ABOUT_RETURN_TYPE = YES_ERROR;
				GCC_WARN_UNDECLARED_SELECTOR = YES;
				GCC_WARN_UNINITIALIZED_AUTOS = YES_AGGRESSIVE;
				GCC_WARN_UNUSED_FUNCTION = YES;
				GCC_WARN_UNUSED_VARIABLE = YES;
				MACOSX_DEPLOYMENT_TARGET = 10.14;
				MTL_ENABLE_DEBUG_INFO = NO;
				MTL_FAST_MATH = YES;
				SDKROOT = macosx;
				SWIFT_COMPILATION_MODE = wholemodule;
				SWIFT_OPTIMIZATION_LEVEL = "-O";
			};
			name = Release;
		};
		B28AF80F2356365D00608F8F /* Debug */ = {
			isa = XCBuildConfiguration;
			buildSettings = {
				ALWAYS_SEARCH_USER_PATHS = NO;
				CODE_SIGN_STYLE = Automatic;
				DEVELOPMENT_TEAM = 3ASHMCMJEN;
				ENABLE_HARDENED_RUNTIME = YES;
				MACOSX_DEPLOYMENT_TARGET = 10.12;
				PRODUCT_NAME = "$(TARGET_NAME)";
				SWIFT_VERSION = 5.0;
			};
			name = Debug;
		};
		B28AF8102356365D00608F8F /* Release */ = {
			isa = XCBuildConfiguration;
			buildSettings = {
				ALWAYS_SEARCH_USER_PATHS = NO;
				CODE_SIGN_STYLE = Automatic;
				DEVELOPMENT_TEAM = 3ASHMCMJEN;
				ENABLE_HARDENED_RUNTIME = YES;
				MACOSX_DEPLOYMENT_TARGET = 10.12;
				PRODUCT_NAME = "$(TARGET_NAME)";
				SWIFT_VERSION = 5.0;
			};
			name = Release;
		};
/* End XCBuildConfiguration section */

/* Begin XCConfigurationList section */
		B28AF8022356365D00608F8F /* Build configuration list for PBXProject "calculate_instances" */ = {
			isa = XCConfigurationList;
			buildConfigurations = (
				B28AF80C2356365D00608F8F /* Debug */,
				B28AF80D2356365D00608F8F /* Release */,
			);
			defaultConfigurationIsVisible = 0;
			defaultConfigurationName = Release;
		};
		B28AF80E2356365D00608F8F /* Build configuration list for PBXNativeTarget "calculate_instances" */ = {
			isa = XCConfigurationList;
			buildConfigurations = (
				B28AF80F2356365D00608F8F /* Debug */,
				B28AF8102356365D00608F8F /* Release */,
			);
			defaultConfigurationIsVisible = 0;
			defaultConfigurationName = Release;
		};
/* End XCConfigurationList section */
	};
	rootObject = B28AF7FF2356365D00608F8F /* Project object */;
}
